
Microsoft Visual Studio Solution File, Format Version 12.00
# Visual Studio Version 16
VisualStudioVersion = 16.0.28315.86
MinimumVisualStudioVersion = 10.0.40219.1
Project("{2150E333-8FDC-42A3-9474-1A3956D46DE8}") = "Engine", "Engine", "{AA96DEC6-6946-4B52-A7A5-D5CA3A41505E}"
EndProject
Project("{2150E333-8FDC-42A3-9474-1A3956D46DE8}") = "Games", "Games", "{7D25B8F0-E958-41A6-9ACA-85FD6C068BCE}"
EndProject
Project("{8BC9CEB8-8B4A-11D0-8D11-00A0C91BC942}") = "UE4", "Intermediate\ProjectFiles\UE4.vcxproj", "{D3EA4BBD-F53D-48A9-91D6-03C1CB3B6F0D}"
EndProject
Project("{8BC9CEB8-8B4A-11D0-8D11-00A0C91BC942}") = "Dissertation", "Intermediate\ProjectFiles\Dissertation.vcxproj", "{E3EE369F-3A5D-4992-9AE0-0B60E86ABAEE}"
EndProject
Project("{2150E333-8FDC-42A3-9474-1A3956D46DE8}") = "Visualizers", "Visualizers", "{C10522AC-FBF2-4482-AB32-8A2BB25479EF}"
	ProjectSection(SolutionItems) = preProject
		D:\Program Files\Epic Games\UE_4.24\Engine\Extras\VisualStudioDebugging\UE4.natvis = D:\Program Files\Epic Games\UE_4.24\Engine\Extras\VisualStudioDebugging\UE4.natvis
	EndProjectSection
EndProject
Global
	GlobalSection(SolutionConfigurationPlatforms) = preSolution
		DebugGame Editor|Win32 = DebugGame Editor|Win32
		DebugGame Editor|Win64 = DebugGame Editor|Win64
		DebugGame|Win32 = DebugGame|Win32
		DebugGame|Win64 = DebugGame|Win64
		Development Editor|Win32 = Development Editor|Win32
		Development Editor|Win64 = Development Editor|Win64
		Development|Win32 = Development|Win32
		Development|Win64 = Development|Win64
		Shipping|Win32 = Shipping|Win32
		Shipping|Win64 = Shipping|Win64
	EndGlobalSection
	GlobalSection(ProjectConfigurationPlatforms) = postSolution
		{D3EA4BBD-F53D-48A9-91D6-03C1CB3B6F0D}.DebugGame Editor|Win32.ActiveCfg = BuiltWithUnrealBuildTool|Win32
		{D3EA4BBD-F53D-48A9-91D6-03C1CB3B6F0D}.DebugGame Editor|Win64.ActiveCfg = BuiltWithUnrealBuildTool|Win32
		{D3EA4BBD-F53D-48A9-91D6-03C1CB3B6F0D}.DebugGame|Win32.ActiveCfg = BuiltWithUnrealBuildTool|Win32
		{D3EA4BBD-F53D-48A9-91D6-03C1CB3B6F0D}.DebugGame|Win64.ActiveCfg = BuiltWithUnrealBuildTool|Win32
		{D3EA4BBD-F53D-48A9-91D6-03C1CB3B6F0D}.Development Editor|Win32.ActiveCfg = BuiltWithUnrealBuildTool|Win32
		{D3EA4BBD-F53D-48A9-91D6-03C1CB3B6F0D}.Development Editor|Win64.ActiveCfg = BuiltWithUnrealBuildTool|Win32
		{D3EA4BBD-F53D-48A9-91D6-03C1CB3B6F0D}.Development|Win32.ActiveCfg = BuiltWithUnrealBuildTool|Win32
		{D3EA4BBD-F53D-48A9-91D6-03C1CB3B6F0D}.Development|Win64.ActiveCfg = BuiltWithUnrealBuildTool|Win32
		{D3EA4BBD-F53D-48A9-91D6-03C1CB3B6F0D}.Shipping|Win32.ActiveCfg = BuiltWithUnrealBuildTool|Win32
		{D3EA4BBD-F53D-48A9-91D6-03C1CB3B6F0D}.Shipping|Win64.ActiveCfg = BuiltWithUnrealBuildTool|Win32
		{E3EE369F-3A5D-4992-9AE0-0B60E86ABAEE}.DebugGame Editor|Win32.ActiveCfg = Invalid|Win32
		{E3EE369F-3A5D-4992-9AE0-0B60E86ABAEE}.DebugGame Editor|Win64.ActiveCfg = DebugGame_Editor|x64
		{E3EE369F-3A5D-4992-9AE0-0B60E86ABAEE}.DebugGame Editor|Win64.Build.0 = DebugGame_Editor|x64
		{E3EE369F-3A5D-4992-9AE0-0B60E86ABAEE}.DebugGame|Win32.ActiveCfg = DebugGame|Win32
		{E3EE369F-3A5D-4992-9AE0-0B60E86ABAEE}.DebugGame|Win32.Build.0 = DebugGame|Win32
		{E3EE369F-3A5D-4992-9AE0-0B60E86ABAEE}.DebugGame|Win64.ActiveCfg = DebugGame|x64
		{E3EE369F-3A5D-4992-9AE0-0B60E86ABAEE}.DebugGame|Win64.Build.0 = DebugGame|x64
		{E3EE369F-3A5D-4992-9AE0-0B60E86ABAEE}.Development Editor|Win32.ActiveCfg = Invalid|Win32
		{E3EE369F-3A5D-4992-9AE0-0B60E86ABAEE}.Development Editor|Win64.ActiveCfg = Development_Editor|x64
		{E3EE369F-3A5D-4992-9AE0-0B60E86ABAEE}.Development Editor|Win64.Build.0 = Development_Editor|x64
		{E3EE369F-3A5D-4992-9AE0-0B60E86ABAEE}.Development|Win32.ActiveCfg = Development|Win32
		{E3EE369F-3A5D-4992-9AE0-0B60E86ABAEE}.Development|Win32.Build.0 = Development|Win32
		{E3EE369F-3A5D-4992-9AE0-0B60E86ABAEE}.Development|Win64.ActiveCfg = Development|x64
		{E3EE369F-3A5D-4992-9AE0-0B60E86ABAEE}.Development|Win64.Build.0 = Development|x64
		{E3EE369F-3A5D-4992-9AE0-0B60E86ABAEE}.Shipping|Win32.ActiveCfg = Shipping|Win32
		{E3EE369F-3A5D-4992-9AE0-0B60E86ABAEE}.Shipping|Win32.Build.0 = Shipping|Win32
		{E3EE369F-3A5D-4992-9AE0-0B60E86ABAEE}.Shipping|Win64.ActiveCfg = Shipping|x64
		{E3EE369F-3A5D-4992-9AE0-0B60E86ABAEE}.Shipping|Win64.Build.0 = Shipping|x64
	EndGlobalSection
	GlobalSection(SolutionProperties) = preSolution
		HideSolutionNode = FALSE
	EndGlobalSection
	GlobalSection(NestedProjects) = preSolution
		{D3EA4BBD-F53D-48A9-91D6-03C1CB3B6F0D} = {AA96DEC6-6946-4B52-A7A5-D5CA3A41505E}
		{E3EE369F-3A5D-4992-9AE0-0B60E86ABAEE} = {7D25B8F0-E958-41A6-9ACA-85FD6C068BCE}
	EndGlobalSection
EndGlobal
